{
    "_readme": [
        "This file locks the dependencies of your project to a known state",
        "Read more about it at https://getcomposer.org/doc/01-basic-usage.md#installing-dependencies",
        "This file is @generated automatically"
    ],
    "content-hash": "7b639fe3e2f78b2b5768cb799aeaaa0a",
    "packages": [
        {
            "name": "meyfa/php-svg",
            "version": "v0.11.0",
            "source": {
                "type": "git",
                "url": "https://github.com/meyfa/php-svg.git",
                "reference": "d86c7e4a2d7c2e226c254dcbcffabcd050e05750"
            },
            "dist": {
                "type": "zip",
                "url": "https://api.github.com/repos/meyfa/php-svg/zipball/d86c7e4a2d7c2e226c254dcbcffabcd050e05750",
                "reference": "d86c7e4a2d7c2e226c254dcbcffabcd050e05750",
                "shasum": ""
            },
            "require": {
                "php": ">=5.3.3"
            },
            "require-dev": {
                "meyfa/phpunit-assert-gd": "^1.1",
                "phpmd/phpmd": "@stable",
                "phpunit/phpunit": "^4.8"
            },
            "suggest": {
                "ext-gd": "Needed to rasterize images",
                "ext-simplexml": "Needed to read SVG strings and files"
            },
            "type": "library",
            "autoload": {
                "psr-4": {
                    "SVG\\": "src/"
                }
            },
            "notification-url": "https://packagist.org/downloads/",
            "license": [
                "MIT"
            ],
            "authors": [
                {
                    "name": "Fabian Meyer",
                    "homepage": "http://meyfa.net"
                }
            ],
            "description": "Read, edit, write, and render SVG files with PHP",
            "homepage": "https://github.com/meyfa/php-svg",
            "keywords": [
                "svg"
            ],
            "time": "2020-12-04T20:41:56+00:00"
        }
    ],
    "packages-dev": [],
    "aliases": [],
    "minimum-stability": "stable",
    "stability-flags": [],
    "prefer-stable": false,
    "prefer-lowest": false,
    "platform": [],
    "platform-dev": [],
    "plugin-api-version": "1.1.0"
}
